
Microsoft Visual Studio Solution File, Format Version 12.00
# Visual Studio Version 17
VisualStudioVersion = 17.0.31612.314
MinimumVisualStudioVersion = 10.0.40219.1
Project("{FAE04EC0-301F-11D3-BF4B-00C04F79EFBC}") = "WebApplication4", "WebApplication4\WebApplication4.csproj", "{99431428-31A0-4D3E-A18E-1800C7E3D341}"
EndProject
Global
	GlobalSection(SolutionConfigurationPlatforms) = preSolution
		Debug|Any CPU = Debug|Any CPU
		Release|Any CPU = Release|Any CPU
	EndGlobalSection
	GlobalSection(ProjectConfigurationPlatforms) = postSolution
		{99431428-31A0-4D3E-A18E-1800C7E3D341}.Debug|Any CPU.ActiveCfg = Debug|Any CPU
		{99431428-31A0-4D3E-A18E-1800C7E3D341}.Debug|Any CPU.Build.0 = Debug|Any CPU
		{99431428-31A0-4D3E-A18E-1800C7E3D341}.Release|Any CPU.ActiveCfg = Release|Any CPU
		{99431428-31A0-4D3E-A18E-1800C7E3D341}.Release|Any CPU.Build.0 = Release|Any CPU
	EndGlobalSection
	GlobalSection(SolutionProperties) = preSolution
		HideSolutionNode = FALSE
	EndGlobalSection
	GlobalSection(ExtensibilityGlobals) = postSolution
		SolutionGuid = {C09F42AD-524F-48BA-B4D2-94FA04E96BA8}
	EndGlobalSection
EndGlobal
